
Microsoft Visual Studio Solution File, Format Version 10.00
# Visual Studio 2008
Project("{8BC9CEB8-8B4A-11D0-8D11-00A0C91BC942}") = "TestProgressCtrl", "TestProgressCtrl\TestProgressCtrl.vcproj", "{137F285F-D690-44F2-A35F-D4B4E9E268EC}"
EndProject
Global
	GlobalSection(SolutionConfigurationPlatforms) = preSolution
		Debug|Win32 = Debug|Win32
		Release|Win32 = Release|Win32
	EndGlobalSection
	GlobalSection(ProjectConfigurationPlatforms) = postSolution
		{137F285F-D690-44F2-A35F-D4B4E9E268EC}.Debug|Win32.ActiveCfg = Debug|Win32
		{137F285F-D690-44F2-A35F-D4B4E9E268EC}.Debug|Win32.Build.0 = Debug|Win32
		{137F285F-D690-44F2-A35F-D4B4E9E268EC}.Release|Win32.ActiveCfg = Release|Win32
		{137F285F-D690-44F2-A35F-D4B4E9E268EC}.Release|Win32.Build.0 = Release|Win32
	EndGlobalSection
	GlobalSection(SolutionProperties) = preSolution
		HideSolutionNode = FALSE
	EndGlobalSection
EndGlobal
